<?xml version="1.0" encoding="utf-8"?>
<Project ToolsVersion="4.0" xmlns="http://schemas.microsoft.com/developer/msbuild/2003">
  <ItemGroup>
    <Filter Include="Bluebird">
      <UniqueIdentifier>{CE9484F6-BA61-DF01-E37A-CDA9CFA61490}</UniqueIdentifier>
    </Filter>
  </ItemGroup>
  <ItemGroup>
    <ClInclude Include="src\Bluebird.h" />
    <ClInclude Include="src\Bluebird\Application.h">
      <Filter>Bluebird</Filter>
    </ClInclude>
    <ClInclude Include="src\Bluebird\EntryPoint.h">
      <Filter>Bluebird</Filter>
    </ClInclude>
    <ClInclude Include="src\Bluebird\Log.h">
      <Filter>Bluebird</Filter>
    </ClInclude>
    <ClInclude Include="src\Bluebird\core.h">
      <Filter>Bluebird</Filter>
    </ClInclude>
  </ItemGroup>
  <ItemGroup>
    <ClCompile Include="src\Bluebird\Application.cpp">
      <Filter>Bluebird</Filter>
    </ClCompile>
    <ClCompile Include="src\Bluebird\Log.cpp">
      <Filter>Bluebird</Filter>
    </ClCompile>
  </ItemGroup>
</Project>